
Microsoft Visual Studio Solution File, Format Version 12.00
# Visual Studio Version 17
VisualStudioVersion = 17.3.32819.101
MinimumVisualStudioVersion = 10.0.40219.1
Project("{FAE04EC0-301F-11D3-BF4B-00C04F79EFBC}") = "CopySettings", "CopySettings\CopySettings.csproj", "{EF9AA339-8F4B-46E1-998F-993B81ADF439}"
EndProject
Global
	GlobalSection(SolutionConfigurationPlatforms) = preSolution
		Debug|Any CPU = Debug|Any CPU
		Release|Any CPU = Release|Any CPU
	EndGlobalSection
	GlobalSection(ProjectConfigurationPlatforms) = postSolution
		{EF9AA339-8F4B-46E1-998F-993B81ADF439}.Debug|Any CPU.ActiveCfg = Debug|Any CPU
		{EF9AA339-8F4B-46E1-998F-993B81ADF439}.Debug|Any CPU.Build.0 = Debug|Any CPU
		{EF9AA339-8F4B-46E1-998F-993B81ADF439}.Release|Any CPU.ActiveCfg = Release|Any CPU
		{EF9AA339-8F4B-46E1-998F-993B81ADF439}.Release|Any CPU.Build.0 = Release|Any CPU
	EndGlobalSection
	GlobalSection(SolutionProperties) = preSolution
		HideSolutionNode = FALSE
	EndGlobalSection
	GlobalSection(ExtensibilityGlobals) = postSolution
		SolutionGuid = {C3BBE446-3A55-4CBD-B430-96C7A7159BCF}
	EndGlobalSection
EndGlobal
